
Microsoft Visual Studio Solution File, Format Version 12.00
# Visual Studio Version 16
VisualStudioVersion = 16.0.30804.86
MinimumVisualStudioVersion = 10.0.40219.1
Project("{FAE04EC0-301F-11D3-BF4B-00C04F79EFBC}") = "Maverick.XTB.DependencyIdentifier", "Maverick.XTB.DependencyIdentifier\Maverick.XTB.DependencyIdentifier.csproj", "{55E9E441-C233-48E6-ABDF-C8C9E51D98B9}"
EndProject
Global
	GlobalSection(SolutionConfigurationPlatforms) = preSolution
		Debug|Any CPU = Debug|Any CPU
		Release|Any CPU = Release|Any CPU
	EndGlobalSection
	GlobalSection(ProjectConfigurationPlatforms) = postSolution
		{55E9E441-C233-48E6-ABDF-C8C9E51D98B9}.Debug|Any CPU.ActiveCfg = Debug|Any CPU
		{55E9E441-C233-48E6-ABDF-C8C9E51D98B9}.Debug|Any CPU.Build.0 = Debug|Any CPU
		{55E9E441-C233-48E6-ABDF-C8C9E51D98B9}.Release|Any CPU.ActiveCfg = Release|Any CPU
		{55E9E441-C233-48E6-ABDF-C8C9E51D98B9}.Release|Any CPU.Build.0 = Release|Any CPU
	EndGlobalSection
	GlobalSection(SolutionProperties) = preSolution
		HideSolutionNode = FALSE
	EndGlobalSection
	GlobalSection(ExtensibilityGlobals) = postSolution
		SolutionGuid = {EF8ED706-F970-430F-8A5C-FCA86A103528}
	EndGlobalSection
EndGlobal
